// !$*UTF8*$!
{
	archiveVersion = 1;
	classes = {
	};
	objectVersion = 46;
	objects = {

/* Begin PBXBuildFile section */
		BCB41E7B1A846653003B59F8 /* main.m in Sources */ = {isa = PBXBuildFile; fileRef = BCB41E7A1A846653003B59F8 /* main.m */; };
		BCB41E7E1A846653003B59F8 /* AppDelegate.m in Sources */ = {isa = PBXBuildFile; fileRef = BCB41E7D1A846653003B59F8 /* AppDelegate.m */; };
		BCB41E811A846653003B59F8 /* ViewController.m in Sources */ = {isa = PBXBuildFile; fileRef = BCB41E801A846653003B59F8 /* ViewController.m */; };
		BCB41E841A846653003B59F8 /* Main.storyboard in Resources */ = {isa = PBXBuildFile; fileRef = BCB41E821A846653003B59F8 /* Main.storyboard */; };
		BCB41E861A846653003B59F8 /* Images.xcassets in Resources */ = {isa = PBXBuildFile; fileRef = BCB41E851A846653003B59F8 /* Images.xcassets */; };
		BCB41E891A846653003B59F8 /* LaunchScreen.xib in Resources */ = {isa = PBXBuildFile; fileRef = BCB41E871A846653003B59F8 /* LaunchScreen.xib */; };
		BCB41E951A846653003B59F8 /* _7_____Tests.m in Sources */ = {isa = PBXBuildFile; fileRef = BCB41E941A846653003B59F8 /* _7_____Tests.m */; };
		BCB41E9F1A8466F6003B59F8 /* MapKit.framework in Frameworks */ = {isa = PBXBuildFile; fileRef = BCB41E9E1A8466F6003B59F8 /* MapKit.framework */; };
		BCB41EA11A846706003B59F8 /* CoreLocation.framework in Frameworks */ = {isa = PBXBuildFile; fileRef = BCB41EA01A846706003B59F8 /* CoreLocation.framework */; };
		BCB41EA41A8472D4003B59F8 /* FKAnnotation.m in Sources */ = {isa = PBXBuildFile; fileRef = BCB41EA31A8472D4003B59F8 /* FKAnnotation.m */; };
/* End PBXBuildFile section */

/* Begin PBXContainerItemProxy section */
		BCB41E8F1A846653003B59F8 /* PBXContainerItemProxy */ = {
			isa = PBXContainerItemProxy;
			containerPortal = BCB41E6D1A846653003B59F8 /* Project object */;
			proxyType = 1;
			remoteGlobalIDString = BCB41E741A846653003B59F8;
			remoteInfo = "07-导航画线";
		};
/* End PBXContainerItemProxy section */

/* Begin PBXFileReference section */
		BCB41E751A846653003B59F8 /* 07-导航画线.app */ = {isa = PBXFileReference; explicitFileType = wrapper.application; includeInIndex = 0; path = "07-导航画线.app"; sourceTree = BUILT_PRODUCTS_DIR; };
		BCB41E791A846653003B59F8 /* Info.plist */ = {isa = PBXFileReference; lastKnownFileType = text.plist.xml; path = Info.plist; sourceTree = "<group>"; };
		BCB41E7A1A846653003B59F8 /* main.m */ = {isa = PBXFileReference; lastKnownFileType = sourcecode.c.objc; path = main.m; sourceTree = "<group>"; };
		BCB41E7C1A846653003B59F8 /* AppDelegate.h */ = {isa = PBXFileReference; lastKnownFileType = sourcecode.c.h; path = AppDelegate.h; sourceTree = "<group>"; };
		BCB41E7D1A846653003B59F8 /* AppDelegate.m */ = {isa = PBXFileReference; lastKnownFileType = sourcecode.c.objc; path = AppDelegate.m; sourceTree = "<group>"; };
		BCB41E7F1A846653003B59F8 /* ViewController.h */ = {isa = PBXFileReference; lastKnownFileType = sourcecode.c.h; path = ViewController.h; sourceTree = "<group>"; };
		BCB41E801A846653003B59F8 /* ViewController.m */ = {isa = PBXFileReference; lastKnownFileType = sourcecode.c.objc; path = ViewController.m; sourceTree = "<group>"; };
		BCB41E831A846653003B59F8 /* Base */ = {isa = PBXFileReference; lastKnownFileType = file.storyboard; name = Base; path = Base.lproj/Main.storyboard; sourceTree = "<group>"; };
		BCB41E851A846653003B59F8 /* Images.xcassets */ = {isa = PBXFileReference; lastKnownFileType = folder.assetcatalog; path = Images.xcassets; sourceTree = "<group>"; };
		BCB41E881A846653003B59F8 /* Base */ = {isa = PBXFileReference; lastKnownFileType = file.xib; name = Base; path = Base.lproj/LaunchScreen.xib; sourceTree = "<group>"; };
		BCB41E8E1A846653003B59F8 /* 07-导航画线Tests.xctest */ = {isa = PBXFileReference; explicitFileType = wrapper.cfbundle; includeInIndex = 0; path = "07-导航画线Tests.xctest"; sourceTree = BUILT_PRODUCTS_DIR; };
		BCB41E931A846653003B59F8 /* Info.plist */ = {isa = PBXFileReference; lastKnownFileType = text.plist.xml; path = Info.plist; sourceTree = "<group>"; };
		BCB41E941A846653003B59F8 /* _7_____Tests.m */ = {isa = PBXFileReference; lastKnownFileType = sourcecode.c.objc; path = "_7_____Tests.m"; sourceTree = "<group>"; };
		BCB41E9E1A8466F6003B59F8 /* MapKit.framework */ = {isa = PBXFileReference; lastKnownFileType = wrapper.framework; name = MapKit.framework; path = System/Library/Frameworks/MapKit.framework; sourceTree = SDKROOT; };
		BCB41EA01A846706003B59F8 /* CoreLocation.framework */ = {isa = PBXFileReference; lastKnownFileType = wrapper.framework; name = CoreLocation.framework; path = System/Library/Frameworks/CoreLocation.framework; sourceTree = SDKROOT; };
		BCB41EA21A8472D4003B59F8 /* FKAnnotation.h */ = {isa = PBXFileReference; fileEncoding = 4; lastKnownFileType = sourcecode.c.h; path = FKAnnotation.h; sourceTree = "<group>"; };
		BCB41EA31A8472D4003B59F8 /* FKAnnotation.m */ = {isa = PBXFileReference; fileEncoding = 4; lastKnownFileType = sourcecode.c.objc; path = FKAnnotation.m; sourceTree = "<group>"; };
/* End PBXFileReference section */

/* Begin PBXFrameworksBuildPhase section */
		BCB41E721A846653003B59F8 /* Frameworks */ = {
			isa = PBXFrameworksBuildPhase;
			buildActionMask = 2147483647;
			files = (
				BCB41EA11A846706003B59F8 /* CoreLocation.framework in Frameworks */,
				BCB41E9F1A8466F6003B59F8 /* MapKit.framework in Frameworks */,
			);
			runOnlyForDeploymentPostprocessing = 0;
		};
		BCB41E8B1A846653003B59F8 /* Frameworks */ = {
			isa = PBXFrameworksBuildPhase;
			buildActionMask = 2147483647;
			files = (
			);
			runOnlyForDeploymentPostprocessing = 0;
		};
/* End PBXFrameworksBuildPhase section */

/* Begin PBXGroup section */
		BCB41E6C1A846653003B59F8 = {
			isa = PBXGroup;
			children = (
				BCB41EA01A846706003B59F8 /* CoreLocation.framework */,
				BCB41E9E1A8466F6003B59F8 /* MapKit.framework */,
				BCB41E771A846653003B59F8 /* 07-导航画线 */,
				BCB41E911A846653003B59F8 /* 07-导航画线Tests */,
				BCB41E761A846653003B59F8 /* Products */,
			);
			sourceTree = "<group>";
		};
		BCB41E761A846653003B59F8 /* Products */ = {
			isa = PBXGroup;
			children = (
				BCB41E751A846653003B59F8 /* 07-导航画线.app */,
				BCB41E8E1A846653003B59F8 /* 07-导航画线Tests.xctest */,
			);
			name = Products;
			sourceTree = "<group>";
		};
		BCB41E771A846653003B59F8 /* 07-导航画线 */ = {
			isa = PBXGroup;
			children = (
				BCB41E7C1A846653003B59F8 /* AppDelegate.h */,
				BCB41E7D1A846653003B59F8 /* AppDelegate.m */,
				BCB41E7F1A846653003B59F8 /* ViewController.h */,
				BCB41E801A846653003B59F8 /* ViewController.m */,
				BCB41EA21A8472D4003B59F8 /* FKAnnotation.h */,
				BCB41EA31A8472D4003B59F8 /* FKAnnotation.m */,
				BCB41E821A846653003B59F8 /* Main.storyboard */,
				BCB41E851A846653003B59F8 /* Images.xcassets */,
				BCB41E871A846653003B59F8 /* LaunchScreen.xib */,
				BCB41E781A846653003B59F8 /* Supporting Files */,
			);
			path = "07-导航画线";
			sourceTree = "<group>";
		};
		BCB41E781A846653003B59F8 /* Supporting Files */ = {
			isa = PBXGroup;
			children = (
				BCB41E791A846653003B59F8 /* Info.plist */,
				BCB41E7A1A846653003B59F8 /* main.m */,
			);
			name = "Supporting Files";
			sourceTree = "<group>";
		};
		BCB41E911A846653003B59F8 /* 07-导航画线Tests */ = {
			isa = PBXGroup;
			children = (
				BCB41E941A846653003B59F8 /* _7_____Tests.m */,
				BCB41E921A846653003B59F8 /* Supporting Files */,
			);
			path = "07-导航画线Tests";
			sourceTree = "<group>";
		};
		BCB41E921A846653003B59F8 /* Supporting Files */ = {
			isa = PBXGroup;
			children = (
				BCB41E931A846653003B59F8 /* Info.plist */,
			);
			name = "Supporting Files";
			sourceTree = "<group>";
		};
/* End PBXGroup section */

/* Begin PBXNativeTarget section */
		BCB41E741A846653003B59F8 /* 07-导航画线 */ = {
			isa = PBXNativeTarget;
			buildConfigurationList = BCB41E981A846653003B59F8 /* Build configuration list for PBXNativeTarget "07-导航画线" */;
			buildPhases = (
				BCB41E711A846653003B59F8 /* Sources */,
				BCB41E721A846653003B59F8 /* Frameworks */,
				BCB41E731A846653003B59F8 /* Resources */,
			);
			buildRules = (
			);
			dependencies = (
			);
			name = "07-导航画线";
			productName = "07-导航画线";
			productReference = BCB41E751A846653003B59F8 /* 07-导航画线.app */;
			productType = "com.apple.product-type.application";
		};
		BCB41E8D1A846653003B59F8 /* 07-导航画线Tests */ = {
			isa = PBXNativeTarget;
			buildConfigurationList = BCB41E9B1A846653003B59F8 /* Build configuration list for PBXNativeTarget "07-导航画线Tests" */;
			buildPhases = (
				BCB41E8A1A846653003B59F8 /* Sources */,
				BCB41E8B1A846653003B59F8 /* Frameworks */,
				BCB41E8C1A846653003B59F8 /* Resources */,
			);
			buildRules = (
			);
			dependencies = (
				BCB41E901A846653003B59F8 /* PBXTargetDependency */,
			);
			name = "07-导航画线Tests";
			productName = "07-导航画线Tests";
			productReference = BCB41E8E1A846653003B59F8 /* 07-导航画线Tests.xctest */;
			productType = "com.apple.product-type.bundle.unit-test";
		};
/* End PBXNativeTarget section */

/* Begin PBXProject section */
		BCB41E6D1A846653003B59F8 /* Project object */ = {
			isa = PBXProject;
			attributes = {
				LastUpgradeCheck = 0610;
				ORGANIZATIONNAME = kun;
				TargetAttributes = {
					BCB41E741A846653003B59F8 = {
						CreatedOnToolsVersion = 6.1;
					};
					BCB41E8D1A846653003B59F8 = {
						CreatedOnToolsVersion = 6.1;
						TestTargetID = BCB41E741A846653003B59F8;
					};
				};
			};
			buildConfigurationList = BCB41E701A846653003B59F8 /* Build configuration list for PBXProject "07-导航画线" */;
			compatibilityVersion = "Xcode 3.2";
			developmentRegion = English;
			hasScannedForEncodings = 0;
			knownRegions = (
				en,
				Base,
			);
			mainGroup = BCB41E6C1A846653003B59F8;
			productRefGroup = BCB41E761A846653003B59F8 /* Products */;
			projectDirPath = "";
			projectRoot = "";
			targets = (
				BCB41E741A846653003B59F8 /* 07-导航画线 */,
				BCB41E8D1A846653003B59F8 /* 07-导航画线Tests */,
			);
		};
/* End PBXProject section */

/* Begin PBXResourcesBuildPhase section */
		BCB41E731A846653003B59F8 /* Resources */ = {
			isa = PBXResourcesBuildPhase;
			buildActionMask = 2147483647;
			files = (
				BCB41E841A846653003B59F8 /* Main.storyboard in Resources */,
				BCB41E891A846653003B59F8 /* LaunchScreen.xib in Resources */,
				BCB41E861A846653003B59F8 /* Images.xcassets in Resources */,
			);
			runOnlyForDeploymentPostprocessing = 0;
		};
		BCB41E8C1A846653003B59F8 /* Resources */ = {
			isa = PBXResourcesBuildPhase;
			buildActionMask = 2147483647;
			files = (
			);
			runOnlyForDeploymentPostprocessing = 0;
		};
/* End PBXResourcesBuildPhase section */

/* Begin PBXSourcesBuildPhase section */
		BCB41E711A846653003B59F8 /* Sources */ = {
			isa = PBXSourcesBuildPhase;
			buildActionMask = 2147483647;
			files = (
				BCB41E811A846653003B59F8 /* ViewController.m in Sources */,
				BCB41EA41A8472D4003B59F8 /* FKAnnotation.m in Sources */,
				BCB41E7E1A846653003B59F8 /* AppDelegate.m in Sources */,
				BCB41E7B1A846653003B59F8 /* main.m in Sources */,
			);
			runOnlyForDeploymentPostprocessing = 0;
		};
		BCB41E8A1A846653003B59F8 /* Sources */ = {
			isa = PBXSourcesBuildPhase;
			buildActionMask = 2147483647;
			files = (
				BCB41E951A846653003B59F8 /* _7_____Tests.m in Sources */,
			);
			runOnlyForDeploymentPostprocessing = 0;
		};
/* End PBXSourcesBuildPhase section */

/* Begin PBXTargetDependency section */
		BCB41E901A846653003B59F8 /* PBXTargetDependency */ = {
			isa = PBXTargetDependency;
			target = BCB41E741A846653003B59F8 /* 07-导航画线 */;
			targetProxy = BCB41E8F1A846653003B59F8 /* PBXContainerItemProxy */;
		};
/* End PBXTargetDependency section */

/* Begin PBXVariantGroup section */
		BCB41E821A846653003B59F8 /* Main.storyboard */ = {
			isa = PBXVariantGroup;
			children = (
				BCB41E831A846653003B59F8 /* Base */,
			);
			name = Main.storyboard;
			sourceTree = "<group>";
		};
		BCB41E871A846653003B59F8 /* LaunchScreen.xib */ = {
			isa = PBXVariantGroup;
			children = (
				BCB41E881A846653003B59F8 /* Base */,
			);
			name = LaunchScreen.xib;
			sourceTree = "<group>";
		};
/* End PBXVariantGroup section */

/* Begin XCBuildConfiguration section */
		BCB41E961A846653003B59F8 /* Debug */ = {
			isa = XCBuildConfiguration;
			buildSettings = {
				ALWAYS_SEARCH_USER_PATHS = NO;
				CLANG_CXX_LANGUAGE_STANDARD = "gnu++0x";
				CLANG_CXX_LIBRARY = "libc++";
				CLANG_ENABLE_MODULES = YES;
				CLANG_ENABLE_OBJC_ARC = YES;
				CLANG_WARN_BOOL_CONVERSION = YES;
				CLANG_WARN_CONSTANT_CONVERSION = YES;
				CLANG_WARN_DIRECT_OBJC_ISA_USAGE = YES_ERROR;
				CLANG_WARN_EMPTY_BODY = YES;
				CLANG_WARN_ENUM_CONVERSION = YES;
				CLANG_WARN_INT_CONVERSION = YES;
				CLANG_WARN_OBJC_ROOT_CLASS = YES_ERROR;
				CLANG_WARN_UNREACHABLE_CODE = YES;
				CLANG_WARN__DUPLICATE_METHOD_MATCH = YES;
				"CODE_SIGN_IDENTITY[sdk=iphoneos*]" = "iPhone Developer";
				COPY_PHASE_STRIP = NO;
				ENABLE_STRICT_OBJC_MSGSEND = YES;
				GCC_C_LANGUAGE_STANDARD = gnu99;
				GCC_DYNAMIC_NO_PIC = NO;
				GCC_OPTIMIZATION_LEVEL = 0;
				GCC_PREPROCESSOR_DEFINITIONS = (
					"DEBUG=1",
					"$(inherited)",
				);
				GCC_SYMBOLS_PRIVATE_EXTERN = NO;
				GCC_WARN_64_TO_32_BIT_CONVERSION = YES;
				GCC_WARN_ABOUT_RETURN_TYPE = YES_ERROR;
				GCC_WARN_UNDECLARED_SELECTOR = YES;
				GCC_WARN_UNINITIALIZED_AUTOS = YES_AGGRESSIVE;
				GCC_WARN_UNUSED_FUNCTION = YES;
				GCC_WARN_UNUSED_VARIABLE = YES;
				IPHONEOS_DEPLOYMENT_TARGET = 8.1;
				MTL_ENABLE_DEBUG_INFO = YES;
				ONLY_ACTIVE_ARCH = YES;
				SDKROOT = iphoneos;
			};
			name = Debug;
		};
		BCB41E971A846653003B59F8 /* Release */ = {
			isa = XCBuildConfiguration;
			buildSettings = {
				ALWAYS_SEARCH_USER_PATHS = NO;
				CLANG_CXX_LANGUAGE_STANDARD = "gnu++0x";
				CLANG_CXX_LIBRARY = "libc++";
				CLANG_ENABLE_MODULES = YES;
				CLANG_ENABLE_OBJC_ARC = YES;
				CLANG_WARN_BOOL_CONVERSION = YES;
				CLANG_WARN_CONSTANT_CONVERSION = YES;
				CLANG_WARN_DIRECT_OBJC_ISA_USAGE = YES_ERROR;
				CLANG_WARN_EMPTY_BODY = YES;
				CLANG_WARN_ENUM_CONVERSION = YES;
				CLANG_WARN_INT_CONVERSION = YES;
				CLANG_WARN_OBJC_ROOT_CLASS = YES_ERROR;
				CLANG_WARN_UNREACHABLE_CODE = YES;
				CLANG_WARN__DUPLICATE_METHOD_MATCH = YES;
				"CODE_SIGN_IDENTITY[sdk=iphoneos*]" = "iPhone Developer";
				COPY_PHASE_STRIP = YES;
				ENABLE_NS_ASSERTIONS = NO;
				ENABLE_STRICT_OBJC_MSGSEND = YES;
				GCC_C_LANGUAGE_STANDARD = gnu99;
				GCC_WARN_64_TO_32_BIT_CONVERSION = YES;
				GCC_WARN_ABOUT_RETURN_TYPE = YES_ERROR;
				GCC_WARN_UNDECLARED_SELECTOR = YES;
				GCC_WARN_UNINITIALIZED_AUTOS = YES_AGGRESSIVE;
				GCC_WARN_UNUSED_FUNCTION = YES;
				GCC_WARN_UNUSED_VARIABLE = YES;
				IPHONEOS_DEPLOYMENT_TARGET = 8.1;
				MTL_ENABLE_DEBUG_INFO = NO;
				SDKROOT = iphoneos;
				VALIDATE_PRODUCT = YES;
			};
			name = Release;
		};
		BCB41E991A846653003B59F8 /* Debug */ = {
			isa = XCBuildConfiguration;
			buildSettings = {
				ASSETCATALOG_COMPILER_APPICON_NAME = AppIcon;
				INFOPLIST_FILE = "07-导航画线/Info.plist";
				LD_RUNPATH_SEARCH_PATHS = "$(inherited) @executable_path/Frameworks";
				PRODUCT_NAME = "$(TARGET_NAME)";
			};
			name = Debug;
		};
		BCB41E9A1A846653003B59F8 /* Release */ = {
			isa = XCBuildConfiguration;
			buildSettings = {
				ASSETCATALOG_COMPILER_APPICON_NAME = AppIcon;
				INFOPLIST_FILE = "07-导航画线/Info.plist";
				LD_RUNPATH_SEARCH_PATHS = "$(inherited) @executable_path/Frameworks";
				PRODUCT_NAME = "$(TARGET_NAME)";
			};
			name = Release;
		};
		BCB41E9C1A846653003B59F8 /* Debug */ = {
			isa = XCBuildConfiguration;
			buildSettings = {
				BUNDLE_LOADER = "$(TEST_HOST)";
				FRAMEWORK_SEARCH_PATHS = (
					"$(SDKROOT)/Developer/Library/Frameworks",
					"$(inherited)",
				);
				GCC_PREPROCESSOR_DEFINITIONS = (
					"DEBUG=1",
					"$(inherited)",
				);
				INFOPLIST_FILE = "07-导航画线Tests/Info.plist";
				LD_RUNPATH_SEARCH_PATHS = "$(inherited) @executable_path/Frameworks @loader_path/Frameworks";
				PRODUCT_NAME = "$(TARGET_NAME)";
				TEST_HOST = "$(BUILT_PRODUCTS_DIR)/07-导航画线.app/07-导航画线";
			};
			name = Debug;
		};
		BCB41E9D1A846653003B59F8 /* Release */ = {
			isa = XCBuildConfiguration;
			buildSettings = {
				BUNDLE_LOADER = "$(TEST_HOST)";
				FRAMEWORK_SEARCH_PATHS = (
					"$(SDKROOT)/Developer/Library/Frameworks",
					"$(inherited)",
				);
				INFOPLIST_FILE = "07-导航画线Tests/Info.plist";
				LD_RUNPATH_SEARCH_PATHS = "$(inherited) @executable_path/Frameworks @loader_path/Frameworks";
				PRODUCT_NAME = "$(TARGET_NAME)";
				TEST_HOST = "$(BUILT_PRODUCTS_DIR)/07-导航画线.app/07-导航画线";
			};
			name = Release;
		};
/* End XCBuildConfiguration section */

/* Begin XCConfigurationList section */
		BCB41E701A846653003B59F8 /* Build configuration list for PBXProject "07-导航画线" */ = {
			isa = XCConfigurationList;
			buildConfigurations = (
				BCB41E961A846653003B59F8 /* Debug */,
				BCB41E971A846653003B59F8 /* Release */,
			);
			defaultConfigurationIsVisible = 0;
			defaultConfigurationName = Release;
		};
		BCB41E981A846653003B59F8 /* Build configuration list for PBXNativeTarget "07-导航画线" */ = {
			isa = XCConfigurationList;
			buildConfigurations = (
				BCB41E991A846653003B59F8 /* Debug */,
				BCB41E9A1A846653003B59F8 /* Release */,
			);
			defaultConfigurationIsVisible = 0;
		};
		BCB41E9B1A846653003B59F8 /* Build configuration list for PBXNativeTarget "07-导航画线Tests" */ = {
			isa = XCConfigurationList;
			buildConfigurations = (
				BCB41E9C1A846653003B59F8 /* Debug */,
				BCB41E9D1A846653003B59F8 /* Release */,
			);
			defaultConfigurationIsVisible = 0;
		};
/* End XCConfigurationList section */
	};
	rootObject = BCB41E6D1A846653003B59F8 /* Project object */;
}
